{
  "lockfile_version": "1",
  "packages": {
    "deno@latest": {
      "last_modified": "2024-05-22T06:18:38Z",
      "resolved": "github:NixOS/nixpkgs/3f316d2a50699a78afe5e77ca486ad553169061e#deno",
      "source": "devbox-search",
      "version": "1.43.5",
      "systems": {
        "aarch64-darwin": {
          "outputs": [
            {
              "name": "out",
              "path": "/nix/store/fxsz9jm9j8w7g9h2p2gm2ma3mnj78ysc-deno-1.43.5",
              "default": true
            }
          ],
          "store_path": "/nix/store/fxsz9jm9j8w7g9h2p2gm2ma3mnj78ysc-deno-1.43.5"
        },
        "aarch64-linux": {
          "outputs": [
            {
              "name": "out",
              "path": "/nix/store/n0cdyqg6my1lr1nwf653wp20zdfzz3jc-deno-1.43.5",
              "default": true
            }
          ],
          "store_path": "/nix/store/n0cdyqg6my1lr1nwf653wp20zdfzz3jc-deno-1.43.5"
        },
        "x86_64-darwin": {
          "outputs": [
            {
              "name": "out",
              "path": "/nix/store/3rh70pqdcgwrrrmvywr90qhrgmbk9by0-deno-1.43.5",
              "default": true
            }
          ],
          "store_path": "/nix/store/3rh70pqdcgwrrrmvywr90qhrgmbk9by0-deno-1.43.5"
        },
        "x86_64-linux": {
          "outputs": [
            {
              "name": "out",
              "path": "/nix/store/4nk5g6nn4lsdki6wmxrhzdgn5j1y2fc2-deno-1.43.5",
              "default": true
            }
          ],
          "store_path": "/nix/store/4nk5g6nn4lsdki6wmxrhzdgn5j1y2fc2-deno-1.43.5"
        }
      }
    }
  }
}
